// !$*UTF8*$!
{
	archiveVersion = 1;
	classes = {
	};
	objectVersion = 46;
	objects = {

/* Begin PBXBuildFile section */
		63AAA561CE3D870BB0896367 /* Pods_DisplayPrettyTests.framework in Frameworks */ = {isa = PBXBuildFile; fileRef = 00BBB035BA0169E9BBB44D74 /* Pods_DisplayPrettyTests.framework */; };
		D7C349AD1905CACA00BC2347 /* Cocoa.framework in Frameworks */ = {isa = PBXBuildFile; fileRef = D7C349AC1905CACA00BC2347 /* Cocoa.framework */; };
		D7C349B71905CACA00BC2347 /* InfoPlist.strings in Resources */ = {isa = PBXBuildFile; fileRef = D7C349B51905CACA00BC2347 /* InfoPlist.strings */; };
		D7C349B91905CACA00BC2347 /* main.m in Sources */ = {isa = PBXBuildFile; fileRef = D7C349B81905CACA00BC2347 /* main.m */; };
		D7C349BD1905CACA00BC2347 /* Credits.rtf in Resources */ = {isa = PBXBuildFile; fileRef = D7C349BB1905CACA00BC2347 /* Credits.rtf */; };
		D7C349C01905CACA00BC2347 /* SBAppDelegate.m in Sources */ = {isa = PBXBuildFile; fileRef = D7C349BF1905CACA00BC2347 /* SBAppDelegate.m */; };
		D7C349C31905CACA00BC2347 /* MainMenu.xib in Resources */ = {isa = PBXBuildFile; fileRef = D7C349C11905CACA00BC2347 /* MainMenu.xib */; };
		D7C349C51905CACA00BC2347 /* Images.xcassets in Resources */ = {isa = PBXBuildFile; fileRef = D7C349C41905CACA00BC2347 /* Images.xcassets */; };
		D7C349CC1905CACA00BC2347 /* XCTest.framework in Frameworks */ = {isa = PBXBuildFile; fileRef = D7C349CB1905CACA00BC2347 /* XCTest.framework */; };
		D7C349CD1905CACA00BC2347 /* Cocoa.framework in Frameworks */ = {isa = PBXBuildFile; fileRef = D7C349AC1905CACA00BC2347 /* Cocoa.framework */; };
		D7C349D51905CACA00BC2347 /* InfoPlist.strings in Resources */ = {isa = PBXBuildFile; fileRef = D7C349D31905CACA00BC2347 /* InfoPlist.strings */; };
		D7C349D71905CACA00BC2347 /* DisplayPrettyTests.m in Sources */ = {isa = PBXBuildFile; fileRef = D7C349D61905CACA00BC2347 /* DisplayPrettyTests.m */; };
		FDCBDA93529E2867C9CFE622 /* Pods_DisplayPretty.framework in Frameworks */ = {isa = PBXBuildFile; fileRef = 37D1E2D60FD23D5280E1BB71 /* Pods_DisplayPretty.framework */; };
/* End PBXBuildFile section */

/* Begin PBXContainerItemProxy section */
		D7C349CE1905CACA00BC2347 /* PBXContainerItemProxy */ = {
			isa = PBXContainerItemProxy;
			containerPortal = D7C349A11905CACA00BC2347 /* Project object */;
			proxyType = 1;
			remoteGlobalIDString = D7C349A81905CACA00BC2347;
			remoteInfo = DisplayPretty;
		};
/* End PBXContainerItemProxy section */

/* Begin PBXFileReference section */
		00BBB035BA0169E9BBB44D74 /* Pods_DisplayPrettyTests.framework */ = {isa = PBXFileReference; explicitFileType = wrapper.framework; includeInIndex = 0; path = Pods_DisplayPrettyTests.framework; sourceTree = BUILT_PRODUCTS_DIR; };
		10738750DF8927C9F0D3428B /* Pods-DisplayPretty.debug.xcconfig */ = {isa = PBXFileReference; includeInIndex = 1; lastKnownFileType = text.xcconfig; name = "Pods-DisplayPretty.debug.xcconfig"; path = "Target Support Files/Pods-DisplayPretty/Pods-DisplayPretty.debug.xcconfig"; sourceTree = "<group>"; };
		11118C67E9A23820C619C217 /* Pods-DisplayPrettyTests.release.xcconfig */ = {isa = PBXFileReference; includeInIndex = 1; lastKnownFileType = text.xcconfig; name = "Pods-DisplayPrettyTests.release.xcconfig"; path = "Target Support Files/Pods-DisplayPrettyTests/Pods-DisplayPrettyTests.release.xcconfig"; sourceTree = "<group>"; };
		1DF3BE69C6D95EE9CEC80B35 /* Pods-DisplayPrettyTests.debug.xcconfig */ = {isa = PBXFileReference; includeInIndex = 1; lastKnownFileType = text.xcconfig; name = "Pods-DisplayPrettyTests.debug.xcconfig"; path = "Target Support Files/Pods-DisplayPrettyTests/Pods-DisplayPrettyTests.debug.xcconfig"; sourceTree = "<group>"; };
		37D1E2D60FD23D5280E1BB71 /* Pods_DisplayPretty.framework */ = {isa = PBXFileReference; explicitFileType = wrapper.framework; includeInIndex = 0; path = Pods_DisplayPretty.framework; sourceTree = BUILT_PRODUCTS_DIR; };
		D7C349A91905CACA00BC2347 /* DisplayPretty.app */ = {isa = PBXFileReference; explicitFileType = wrapper.application; includeInIndex = 0; path = DisplayPretty.app; sourceTree = BUILT_PRODUCTS_DIR; };
		D7C349AC1905CACA00BC2347 /* Cocoa.framework */ = {isa = PBXFileReference; lastKnownFileType = wrapper.framework; name = Cocoa.framework; path = System/Library/Frameworks/Cocoa.framework; sourceTree = SDKROOT; };
		D7C349AF1905CACA00BC2347 /* AppKit.framework */ = {isa = PBXFileReference; lastKnownFileType = wrapper.framework; name = AppKit.framework; path = System/Library/Frameworks/AppKit.framework; sourceTree = SDKROOT; };
		D7C349B01905CACA00BC2347 /* CoreData.framework */ = {isa = PBXFileReference; lastKnownFileType = wrapper.framework; name = CoreData.framework; path = System/Library/Frameworks/CoreData.framework; sourceTree = SDKROOT; };
		D7C349B11905CACA00BC2347 /* Foundation.framework */ = {isa = PBXFileReference; lastKnownFileType = wrapper.framework; name = Foundation.framework; path = System/Library/Frameworks/Foundation.framework; sourceTree = SDKROOT; };
		D7C349B41905CACA00BC2347 /* DisplayPretty-Info.plist */ = {isa = PBXFileReference; lastKnownFileType = text.plist.xml; path = "DisplayPretty-Info.plist"; sourceTree = "<group>"; };
		D7C349B61905CACA00BC2347 /* en */ = {isa = PBXFileReference; lastKnownFileType = text.plist.strings; name = en; path = en.lproj/InfoPlist.strings; sourceTree = "<group>"; };
		D7C349B81905CACA00BC2347 /* main.m */ = {isa = PBXFileReference; lastKnownFileType = sourcecode.c.objc; path = main.m; sourceTree = "<group>"; };
		D7C349BA1905CACA00BC2347 /* DisplayPretty-Prefix.pch */ = {isa = PBXFileReference; lastKnownFileType = sourcecode.c.h; path = "DisplayPretty-Prefix.pch"; sourceTree = "<group>"; };
		D7C349BC1905CACA00BC2347 /* en */ = {isa = PBXFileReference; lastKnownFileType = text.rtf; name = en; path = en.lproj/Credits.rtf; sourceTree = "<group>"; };
		D7C349BE1905CACA00BC2347 /* SBAppDelegate.h */ = {isa = PBXFileReference; lastKnownFileType = sourcecode.c.h; path = SBAppDelegate.h; sourceTree = "<group>"; };
		D7C349BF1905CACA00BC2347 /* SBAppDelegate.m */ = {isa = PBXFileReference; lastKnownFileType = sourcecode.c.objc; path = SBAppDelegate.m; sourceTree = "<group>"; };
		D7C349C21905CACA00BC2347 /* Base */ = {isa = PBXFileReference; lastKnownFileType = file.xib; name = Base; path = Base.lproj/MainMenu.xib; sourceTree = "<group>"; };
		D7C349C41905CACA00BC2347 /* Images.xcassets */ = {isa = PBXFileReference; lastKnownFileType = folder.assetcatalog; path = Images.xcassets; sourceTree = "<group>"; };
		D7C349CA1905CACA00BC2347 /* DisplayPrettyTests.xctest */ = {isa = PBXFileReference; explicitFileType = wrapper.cfbundle; includeInIndex = 0; path = DisplayPrettyTests.xctest; sourceTree = BUILT_PRODUCTS_DIR; };
		D7C349CB1905CACA00BC2347 /* XCTest.framework */ = {isa = PBXFileReference; lastKnownFileType = wrapper.framework; name = XCTest.framework; path = Library/Frameworks/XCTest.framework; sourceTree = DEVELOPER_DIR; };
		D7C349D21905CACA00BC2347 /* DisplayPrettyTests-Info.plist */ = {isa = PBXFileReference; lastKnownFileType = text.plist.xml; path = "DisplayPrettyTests-Info.plist"; sourceTree = "<group>"; };
		D7C349D41905CACA00BC2347 /* en */ = {isa = PBXFileReference; lastKnownFileType = text.plist.strings; name = en; path = en.lproj/InfoPlist.strings; sourceTree = "<group>"; };
		D7C349D61905CACA00BC2347 /* DisplayPrettyTests.m */ = {isa = PBXFileReference; lastKnownFileType = sourcecode.c.objc; path = DisplayPrettyTests.m; sourceTree = "<group>"; };
		F4F57A8B68852BC99CCBC9C5 /* Pods-DisplayPretty.release.xcconfig */ = {isa = PBXFileReference; includeInIndex = 1; lastKnownFileType = text.xcconfig; name = "Pods-DisplayPretty.release.xcconfig"; path = "Target Support Files/Pods-DisplayPretty/Pods-DisplayPretty.release.xcconfig"; sourceTree = "<group>"; };
/* End PBXFileReference section */

/* Begin PBXFrameworksBuildPhase section */
		D7C349A61905CACA00BC2347 /* Frameworks */ = {
			isa = PBXFrameworksBuildPhase;
			buildActionMask = 2147483647;
			files = (
				D7C349AD1905CACA00BC2347 /* Cocoa.framework in Frameworks */,
				FDCBDA93529E2867C9CFE622 /* Pods_DisplayPretty.framework in Frameworks */,
			);
			runOnlyForDeploymentPostprocessing = 0;
		};
		D7C349C71905CACA00BC2347 /* Frameworks */ = {
			isa = PBXFrameworksBuildPhase;
			buildActionMask = 2147483647;
			files = (
				D7C349CD1905CACA00BC2347 /* Cocoa.framework in Frameworks */,
				D7C349CC1905CACA00BC2347 /* XCTest.framework in Frameworks */,
				63AAA561CE3D870BB0896367 /* Pods_DisplayPrettyTests.framework in Frameworks */,
			);
			runOnlyForDeploymentPostprocessing = 0;
		};
/* End PBXFrameworksBuildPhase section */

/* Begin PBXGroup section */
		5ADFAC75E164D9EB7BF4AD85 /* Pods */ = {
			isa = PBXGroup;
			children = (
				10738750DF8927C9F0D3428B /* Pods-DisplayPretty.debug.xcconfig */,
				F4F57A8B68852BC99CCBC9C5 /* Pods-DisplayPretty.release.xcconfig */,
				1DF3BE69C6D95EE9CEC80B35 /* Pods-DisplayPrettyTests.debug.xcconfig */,
				11118C67E9A23820C619C217 /* Pods-DisplayPrettyTests.release.xcconfig */,
			);
			path = Pods;
			sourceTree = "<group>";
		};
		D7C349A01905CACA00BC2347 = {
			isa = PBXGroup;
			children = (
				D7C349B21905CACA00BC2347 /* DisplayPretty */,
				D7C349D01905CACA00BC2347 /* DisplayPrettyTests */,
				D7C349AB1905CACA00BC2347 /* Frameworks */,
				D7C349AA1905CACA00BC2347 /* Products */,
				5ADFAC75E164D9EB7BF4AD85 /* Pods */,
			);
			sourceTree = "<group>";
		};
		D7C349AA1905CACA00BC2347 /* Products */ = {
			isa = PBXGroup;
			children = (
				D7C349A91905CACA00BC2347 /* DisplayPretty.app */,
				D7C349CA1905CACA00BC2347 /* DisplayPrettyTests.xctest */,
			);
			name = Products;
			sourceTree = "<group>";
		};
		D7C349AB1905CACA00BC2347 /* Frameworks */ = {
			isa = PBXGroup;
			children = (
				D7C349AC1905CACA00BC2347 /* Cocoa.framework */,
				D7C349CB1905CACA00BC2347 /* XCTest.framework */,
				D7C349AE1905CACA00BC2347 /* Other Frameworks */,
				37D1E2D60FD23D5280E1BB71 /* Pods_DisplayPretty.framework */,
				00BBB035BA0169E9BBB44D74 /* Pods_DisplayPrettyTests.framework */,
			);
			name = Frameworks;
			sourceTree = "<group>";
		};
		D7C349AE1905CACA00BC2347 /* Other Frameworks */ = {
			isa = PBXGroup;
			children = (
				D7C349AF1905CACA00BC2347 /* AppKit.framework */,
				D7C349B01905CACA00BC2347 /* CoreData.framework */,
				D7C349B11905CACA00BC2347 /* Foundation.framework */,
			);
			name = "Other Frameworks";
			sourceTree = "<group>";
		};
		D7C349B21905CACA00BC2347 /* DisplayPretty */ = {
			isa = PBXGroup;
			children = (
				D7C349BE1905CACA00BC2347 /* SBAppDelegate.h */,
				D7C349BF1905CACA00BC2347 /* SBAppDelegate.m */,
				D7C349C11905CACA00BC2347 /* MainMenu.xib */,
				D7C349C41905CACA00BC2347 /* Images.xcassets */,
				D7C349B31905CACA00BC2347 /* Supporting Files */,
			);
			path = DisplayPretty;
			sourceTree = "<group>";
		};
		D7C349B31905CACA00BC2347 /* Supporting Files */ = {
			isa = PBXGroup;
			children = (
				D7C349B41905CACA00BC2347 /* DisplayPretty-Info.plist */,
				D7C349B51905CACA00BC2347 /* InfoPlist.strings */,
				D7C349B81905CACA00BC2347 /* main.m */,
				D7C349BA1905CACA00BC2347 /* DisplayPretty-Prefix.pch */,
				D7C349BB1905CACA00BC2347 /* Credits.rtf */,
			);
			name = "Supporting Files";
			sourceTree = "<group>";
		};
		D7C349D01905CACA00BC2347 /* DisplayPrettyTests */ = {
			isa = PBXGroup;
			children = (
				D7C349D61905CACA00BC2347 /* DisplayPrettyTests.m */,
				D7C349D11905CACA00BC2347 /* Supporting Files */,
			);
			path = DisplayPrettyTests;
			sourceTree = "<group>";
		};
		D7C349D11905CACA00BC2347 /* Supporting Files */ = {
			isa = PBXGroup;
			children = (
				D7C349D21905CACA00BC2347 /* DisplayPrettyTests-Info.plist */,
				D7C349D31905CACA00BC2347 /* InfoPlist.strings */,
			);
			name = "Supporting Files";
			sourceTree = "<group>";
		};
/* End PBXGroup section */

/* Begin PBXNativeTarget section */
		D7C349A81905CACA00BC2347 /* DisplayPretty */ = {
			isa = PBXNativeTarget;
			buildConfigurationList = D7C349DA1905CACA00BC2347 /* Build configuration list for PBXNativeTarget "DisplayPretty" */;
			buildPhases = (
				442FF825E4908BD2E00D950E /* [CP] Check Pods Manifest.lock */,
				D7C349A51905CACA00BC2347 /* Sources */,
				D7C349A61905CACA00BC2347 /* Frameworks */,
				D7C349A71905CACA00BC2347 /* Resources */,
				7D077CA14A358D83D81DA4B1 /* [CP] Embed Pods Frameworks */,
			);
			buildRules = (
			);
			dependencies = (
			);
			name = DisplayPretty;
			productName = DisplayPretty;
			productReference = D7C349A91905CACA00BC2347 /* DisplayPretty.app */;
			productType = "com.apple.product-type.application";
		};
		D7C349C91905CACA00BC2347 /* DisplayPrettyTests */ = {
			isa = PBXNativeTarget;
			buildConfigurationList = D7C349DD1905CACA00BC2347 /* Build configuration list for PBXNativeTarget "DisplayPrettyTests" */;
			buildPhases = (
				288196791AF2294007E55327 /* [CP] Check Pods Manifest.lock */,
				D7C349C61905CACA00BC2347 /* Sources */,
				D7C349C71905CACA00BC2347 /* Frameworks */,
				D7C349C81905CACA00BC2347 /* Resources */,
			);
			buildRules = (
			);
			dependencies = (
				D7C349CF1905CACA00BC2347 /* PBXTargetDependency */,
			);
			name = DisplayPrettyTests;
			productName = DisplayPrettyTests;
			productReference = D7C349CA1905CACA00BC2347 /* DisplayPrettyTests.xctest */;
			productType = "com.apple.product-type.bundle.unit-test";
		};
/* End PBXNativeTarget section */

/* Begin PBXProject section */
		D7C349A11905CACA00BC2347 /* Project object */ = {
			isa = PBXProject;
			attributes = {
				CLASSPREFIX = SB;
				LastUpgradeCheck = 1130;
				ORGANIZATIONNAME = "Stig Brautaset";
				TargetAttributes = {
					D7C349C91905CACA00BC2347 = {
						TestTargetID = D7C349A81905CACA00BC2347;
					};
				};
			};
			buildConfigurationList = D7C349A41905CACA00BC2347 /* Build configuration list for PBXProject "DisplayPretty" */;
			compatibilityVersion = "Xcode 3.2";
			developmentRegion = English;
			hasScannedForEncodings = 0;
			knownRegions = (
				English,
				en,
				Base,
			);
			mainGroup = D7C349A01905CACA00BC2347;
			productRefGroup = D7C349AA1905CACA00BC2347 /* Products */;
			projectDirPath = "";
			projectRoot = "";
			targets = (
				D7C349A81905CACA00BC2347 /* DisplayPretty */,
				D7C349C91905CACA00BC2347 /* DisplayPrettyTests */,
			);
		};
/* End PBXProject section */

/* Begin PBXResourcesBuildPhase section */
		D7C349A71905CACA00BC2347 /* Resources */ = {
			isa = PBXResourcesBuildPhase;
			buildActionMask = 2147483647;
			files = (
				D7C349B71905CACA00BC2347 /* InfoPlist.strings in Resources */,
				D7C349C51905CACA00BC2347 /* Images.xcassets in Resources */,
				D7C349BD1905CACA00BC2347 /* Credits.rtf in Resources */,
				D7C349C31905CACA00BC2347 /* MainMenu.xib in Resources */,
			);
			runOnlyForDeploymentPostprocessing = 0;
		};
		D7C349C81905CACA00BC2347 /* Resources */ = {
			isa = PBXResourcesBuildPhase;
			buildActionMask = 2147483647;
			files = (
				D7C349D51905CACA00BC2347 /* InfoPlist.strings in Resources */,
			);
			runOnlyForDeploymentPostprocessing = 0;
		};
/* End PBXResourcesBuildPhase section */

/* Begin PBXShellScriptBuildPhase section */
		288196791AF2294007E55327 /* [CP] Check Pods Manifest.lock */ = {
			isa = PBXShellScriptBuildPhase;
			buildActionMask = 2147483647;
			files = (
			);
			inputFileListPaths = (
			);
			inputPaths = (
				"${PODS_PODFILE_DIR_PATH}/Podfile.lock",
				"${PODS_ROOT}/Manifest.lock",
			);
			name = "[CP] Check Pods Manifest.lock";
			outputFileListPaths = (
			);
			outputPaths = (
				"$(DERIVED_FILE_DIR)/Pods-DisplayPrettyTests-checkManifestLockResult.txt",
			);
			runOnlyForDeploymentPostprocessing = 0;
			shellPath = /bin/sh;
			shellScript = "diff \"${PODS_PODFILE_DIR_PATH}/Podfile.lock\" \"${PODS_ROOT}/Manifest.lock\" > /dev/null\nif [ $? != 0 ] ; then\n    # print error to STDERR\n    echo \"error: The sandbox is not in sync with the Podfile.lock. Run 'pod install' or update your CocoaPods installation.\" >&2\n    exit 1\nfi\n# This output is used by Xcode 'outputs' to avoid re-running this script phase.\necho \"SUCCESS\" > \"${SCRIPT_OUTPUT_FILE_0}\"\n";
			showEnvVarsInLog = 0;
		};
		442FF825E4908BD2E00D950E /* [CP] Check Pods Manifest.lock */ = {
			isa = PBXShellScriptBuildPhase;
			buildActionMask = 2147483647;
			files = (
			);
			inputFileListPaths = (
			);
			inputPaths = (
				"${PODS_PODFILE_DIR_PATH}/Podfile.lock",
				"${PODS_ROOT}/Manifest.lock",
			);
			name = "[CP] Check Pods Manifest.lock";
			outputFileListPaths = (
			);
			outputPaths = (
				"$(DERIVED_FILE_DIR)/Pods-DisplayPretty-checkManifestLockResult.txt",
			);
			runOnlyForDeploymentPostprocessing = 0;
			shellPath = /bin/sh;
			shellScript = "diff \"${PODS_PODFILE_DIR_PATH}/Podfile.lock\" \"${PODS_ROOT}/Manifest.lock\" > /dev/null\nif [ $? != 0 ] ; then\n    # print error to STDERR\n    echo \"error: The sandbox is not in sync with the Podfile.lock. Run 'pod install' or update your CocoaPods installation.\" >&2\n    exit 1\nfi\n# This output is used by Xcode 'outputs' to avoid re-running this script phase.\necho \"SUCCESS\" > \"${SCRIPT_OUTPUT_FILE_0}\"\n";
			showEnvVarsInLog = 0;
		};
		7D077CA14A358D83D81DA4B1 /* [CP] Embed Pods Frameworks */ = {
			isa = PBXShellScriptBuildPhase;
			buildActionMask = 2147483647;
			files = (
			);
			inputPaths = (
				"${PODS_ROOT}/Target Support Files/Pods-DisplayPretty/Pods-DisplayPretty-frameworks.sh",
				"${BUILT_PRODUCTS_DIR}/SBJson/SBJson.framework",
			);
			name = "[CP] Embed Pods Frameworks";
			outputPaths = (
				"${TARGET_BUILD_DIR}/${FRAMEWORKS_FOLDER_PATH}/SBJson.framework",
			);
			runOnlyForDeploymentPostprocessing = 0;
			shellPath = /bin/sh;
			shellScript = "\"${PODS_ROOT}/Target Support Files/Pods-DisplayPretty/Pods-DisplayPretty-frameworks.sh\"\n";
			showEnvVarsInLog = 0;
		};
/* End PBXShellScriptBuildPhase section */

/* Begin PBXSourcesBuildPhase section */
		D7C349A51905CACA00BC2347 /* Sources */ = {
			isa = PBXSourcesBuildPhase;
			buildActionMask = 2147483647;
			files = (
				D7C349B91905CACA00BC2347 /* main.m in Sources */,
				D7C349C01905CACA00BC2347 /* SBAppDelegate.m in Sources */,
			);
			runOnlyForDeploymentPostprocessing = 0;
		};
		D7C349C61905CACA00BC2347 /* Sources */ = {
			isa = PBXSourcesBuildPhase;
			buildActionMask = 2147483647;
			files = (
				D7C349D71905CACA00BC2347 /* DisplayPrettyTests.m in Sources */,
			);
			runOnlyForDeploymentPostprocessing = 0;
		};
/* End PBXSourcesBuildPhase section */

/* Begin PBXTargetDependency section */
		D7C349CF1905CACA00BC2347 /* PBXTargetDependency */ = {
			isa = PBXTargetDependency;
			target = D7C349A81905CACA00BC2347 /* DisplayPretty */;
			targetProxy = D7C349CE1905CACA00BC2347 /* PBXContainerItemProxy */;
		};
/* End PBXTargetDependency section */

/* Begin PBXVariantGroup section */
		D7C349B51905CACA00BC2347 /* InfoPlist.strings */ = {
			isa = PBXVariantGroup;
			children = (
				D7C349B61905CACA00BC2347 /* en */,
			);
			name = InfoPlist.strings;
			sourceTree = "<group>";
		};
		D7C349BB1905CACA00BC2347 /* Credits.rtf */ = {
			isa = PBXVariantGroup;
			children = (
				D7C349BC1905CACA00BC2347 /* en */,
			);
			name = Credits.rtf;
			sourceTree = "<group>";
		};
		D7C349C11905CACA00BC2347 /* MainMenu.xib */ = {
			isa = PBXVariantGroup;
			children = (
				D7C349C21905CACA00BC2347 /* Base */,
			);
			name = MainMenu.xib;
			sourceTree = "<group>";
		};
		D7C349D31905CACA00BC2347 /* InfoPlist.strings */ = {
			isa = PBXVariantGroup;
			children = (
				D7C349D41905CACA00BC2347 /* en */,
			);
			name = InfoPlist.strings;
			sourceTree = "<group>";
		};
/* End PBXVariantGroup section */

/* Begin XCBuildConfiguration section */
		D7C349D81905CACA00BC2347 /* Debug */ = {
			isa = XCBuildConfiguration;
			buildSettings = {
				ALWAYS_SEARCH_USER_PATHS = NO;
				CLANG_ANALYZER_LOCALIZABILITY_NONLOCALIZED = YES;
				CLANG_CXX_LANGUAGE_STANDARD = "gnu++0x";
				CLANG_CXX_LIBRARY = "libc++";
				CLANG_ENABLE_MODULES = YES;
				CLANG_ENABLE_OBJC_ARC = YES;
				CLANG_WARN_BLOCK_CAPTURE_AUTORELEASING = YES;
				CLANG_WARN_BOOL_CONVERSION = YES;
				CLANG_WARN_COMMA = YES;
				CLANG_WARN_CONSTANT_CONVERSION = YES;
				CLANG_WARN_DEPRECATED_OBJC_IMPLEMENTATIONS = YES;
				CLANG_WARN_DIRECT_OBJC_ISA_USAGE = YES_ERROR;
				CLANG_WARN_EMPTY_BODY = YES;
				CLANG_WARN_ENUM_CONVERSION = YES;
				CLANG_WARN_INFINITE_RECURSION = YES;
				CLANG_WARN_INT_CONVERSION = YES;
				CLANG_WARN_NON_LITERAL_NULL_CONVERSION = YES;
				CLANG_WARN_OBJC_IMPLICIT_RETAIN_SELF = YES;
				CLANG_WARN_OBJC_LITERAL_CONVERSION = YES;
				CLANG_WARN_OBJC_ROOT_CLASS = YES_ERROR;
				CLANG_WARN_RANGE_LOOP_ANALYSIS = YES;
				CLANG_WARN_STRICT_PROTOTYPES = YES;
				CLANG_WARN_SUSPICIOUS_MOVE = YES;
				CLANG_WARN_UNREACHABLE_CODE = YES;
				CLANG_WARN__DUPLICATE_METHOD_MATCH = YES;
				COPY_PHASE_STRIP = NO;
				ENABLE_STRICT_OBJC_MSGSEND = YES;
				ENABLE_TESTABILITY = YES;
				GCC_C_LANGUAGE_STANDARD = gnu99;
				GCC_DYNAMIC_NO_PIC = NO;
				GCC_ENABLE_OBJC_EXCEPTIONS = YES;
				GCC_NO_COMMON_BLOCKS = YES;
				GCC_OPTIMIZATION_LEVEL = 0;
				GCC_PREPROCESSOR_DEFINITIONS = (
					"DEBUG=1",
					"$(inherited)",
				);
				GCC_SYMBOLS_PRIVATE_EXTERN = NO;
				GCC_WARN_64_TO_32_BIT_CONVERSION = YES;
				GCC_WARN_ABOUT_RETURN_TYPE = YES_ERROR;
				GCC_WARN_UNDECLARED_SELECTOR = YES;
				GCC_WARN_UNINITIALIZED_AUTOS = YES_AGGRESSIVE;
				GCC_WARN_UNUSED_FUNCTION = YES;
				GCC_WARN_UNUSED_VARIABLE = YES;
				MACOSX_DEPLOYMENT_TARGET = 10.9;
				ONLY_ACTIVE_ARCH = YES;
				SDKROOT = macosx;
			};
			name = Debug;
		};
		D7C349D91905CACA00BC2347 /* Release */ = {
			isa = XCBuildConfiguration;
			buildSettings = {
				ALWAYS_SEARCH_USER_PATHS = NO;
				CLANG_ANALYZER_LOCALIZABILITY_NONLOCALIZED = YES;
				CLANG_CXX_LANGUAGE_STANDARD = "gnu++0x";
				CLANG_CXX_LIBRARY = "libc++";
				CLANG_ENABLE_MODULES = YES;
				CLANG_ENABLE_OBJC_ARC = YES;
				CLANG_WARN_BLOCK_CAPTURE_AUTORELEASING = YES;
				CLANG_WARN_BOOL_CONVERSION = YES;
				CLANG_WARN_COMMA = YES;
				CLANG_WARN_CONSTANT_CONVERSION = YES;
				CLANG_WARN_DEPRECATED_OBJC_IMPLEMENTATIONS = YES;
				CLANG_WARN_DIRECT_OBJC_ISA_USAGE = YES_ERROR;
				CLANG_WARN_EMPTY_BODY = YES;
				CLANG_WARN_ENUM_CONVERSION = YES;
				CLANG_WARN_INFINITE_RECURSION = YES;
				CLANG_WARN_INT_CONVERSION = YES;
				CLANG_WARN_NON_LITERAL_NULL_CONVERSION = YES;
				CLANG_WARN_OBJC_IMPLICIT_RETAIN_SELF = YES;
				CLANG_WARN_OBJC_LITERAL_CONVERSION = YES;
				CLANG_WARN_OBJC_ROOT_CLASS = YES_ERROR;
				CLANG_WARN_RANGE_LOOP_ANALYSIS = YES;
				CLANG_WARN_STRICT_PROTOTYPES = YES;
				CLANG_WARN_SUSPICIOUS_MOVE = YES;
				CLANG_WARN_UNREACHABLE_CODE = YES;
				CLANG_WARN__DUPLICATE_METHOD_MATCH = YES;
				COPY_PHASE_STRIP = YES;
				DEBUG_INFORMATION_FORMAT = "dwarf-with-dsym";
				ENABLE_NS_ASSERTIONS = NO;
				ENABLE_STRICT_OBJC_MSGSEND = YES;
				GCC_C_LANGUAGE_STANDARD = gnu99;
				GCC_ENABLE_OBJC_EXCEPTIONS = YES;
				GCC_NO_COMMON_BLOCKS = YES;
				GCC_WARN_64_TO_32_BIT_CONVERSION = YES;
				GCC_WARN_ABOUT_RETURN_TYPE = YES_ERROR;
				GCC_WARN_UNDECLARED_SELECTOR = YES;
				GCC_WARN_UNINITIALIZED_AUTOS = YES_AGGRESSIVE;
				GCC_WARN_UNUSED_FUNCTION = YES;
				GCC_WARN_UNUSED_VARIABLE = YES;
				MACOSX_DEPLOYMENT_TARGET = 10.9;
				SDKROOT = macosx;
			};
			name = Release;
		};
		D7C349DB1905CACA00BC2347 /* Debug */ = {
			isa = XCBuildConfiguration;
			baseConfigurationReference = 10738750DF8927C9F0D3428B /* Pods-DisplayPretty.debug.xcconfig */;
			buildSettings = {
				ASSETCATALOG_COMPILER_APPICON_NAME = AppIcon;
				CODE_SIGN_IDENTITY = "-";
				COMBINE_HIDPI_IMAGES = YES;
				GCC_PRECOMPILE_PREFIX_HEADER = YES;
				GCC_PREFIX_HEADER = "DisplayPretty/DisplayPretty-Prefix.pch";
				INFOPLIST_FILE = "DisplayPretty/DisplayPretty-Info.plist";
				PRODUCT_BUNDLE_IDENTIFIER = "org.sbjson.${PRODUCT_NAME:rfc1034identifier}";
				PRODUCT_NAME = "$(TARGET_NAME)";
				WRAPPER_EXTENSION = app;
			};
			name = Debug;
		};
		D7C349DC1905CACA00BC2347 /* Release */ = {
			isa = XCBuildConfiguration;
			baseConfigurationReference = F4F57A8B68852BC99CCBC9C5 /* Pods-DisplayPretty.release.xcconfig */;
			buildSettings = {
				ASSETCATALOG_COMPILER_APPICON_NAME = AppIcon;
				CODE_SIGN_IDENTITY = "-";
				COMBINE_HIDPI_IMAGES = YES;
				GCC_PRECOMPILE_PREFIX_HEADER = YES;
				GCC_PREFIX_HEADER = "DisplayPretty/DisplayPretty-Prefix.pch";
				INFOPLIST_FILE = "DisplayPretty/DisplayPretty-Info.plist";
				PRODUCT_BUNDLE_IDENTIFIER = "org.sbjson.${PRODUCT_NAME:rfc1034identifier}";
				PRODUCT_NAME = "$(TARGET_NAME)";
				WRAPPER_EXTENSION = app;
			};
			name = Release;
		};
		D7C349DE1905CACA00BC2347 /* Debug */ = {
			isa = XCBuildConfiguration;
			baseConfigurationReference = 1DF3BE69C6D95EE9CEC80B35 /* Pods-DisplayPrettyTests.debug.xcconfig */;
			buildSettings = {
				BUNDLE_LOADER = "$(BUILT_PRODUCTS_DIR)/DisplayPretty.app/Contents/MacOS/DisplayPretty";
				COMBINE_HIDPI_IMAGES = YES;
				FRAMEWORK_SEARCH_PATHS = (
					"$(DEVELOPER_FRAMEWORKS_DIR)",
					"$(inherited)",
				);
				GCC_PRECOMPILE_PREFIX_HEADER = YES;
				GCC_PREFIX_HEADER = "DisplayPretty/DisplayPretty-Prefix.pch";
				GCC_PREPROCESSOR_DEFINITIONS = (
					"DEBUG=1",
					"$(inherited)",
				);
				INFOPLIST_FILE = "DisplayPrettyTests/DisplayPrettyTests-Info.plist";
				PRODUCT_BUNDLE_IDENTIFIER = "org.sbjson.${PRODUCT_NAME:rfc1034identifier}";
				PRODUCT_NAME = "$(TARGET_NAME)";
				TEST_HOST = "$(BUNDLE_LOADER)";
				WRAPPER_EXTENSION = xctest;
			};
			name = Debug;
		};
		D7C349DF1905CACA00BC2347 /* Release */ = {
			isa = XCBuildConfiguration;
			baseConfigurationReference = 11118C67E9A23820C619C217 /* Pods-DisplayPrettyTests.release.xcconfig */;
			buildSettings = {
				BUNDLE_LOADER = "$(BUILT_PRODUCTS_DIR)/DisplayPretty.app/Contents/MacOS/DisplayPretty";
				COMBINE_HIDPI_IMAGES = YES;
				FRAMEWORK_SEARCH_PATHS = (
					"$(DEVELOPER_FRAMEWORKS_DIR)",
					"$(inherited)",
				);
				GCC_PRECOMPILE_PREFIX_HEADER = YES;
				GCC_PREFIX_HEADER = "DisplayPretty/DisplayPretty-Prefix.pch";
				INFOPLIST_FILE = "DisplayPrettyTests/DisplayPrettyTests-Info.plist";
				PRODUCT_BUNDLE_IDENTIFIER = "org.sbjson.${PRODUCT_NAME:rfc1034identifier}";
				PRODUCT_NAME = "$(TARGET_NAME)";
				TEST_HOST = "$(BUNDLE_LOADER)";
				WRAPPER_EXTENSION = xctest;
			};
			name = Release;
		};
/* End XCBuildConfiguration section */

/* Begin XCConfigurationList section */
		D7C349A41905CACA00BC2347 /* Build configuration list for PBXProject "DisplayPretty" */ = {
			isa = XCConfigurationList;
			buildConfigurations = (
				D7C349D81905CACA00BC2347 /* Debug */,
				D7C349D91905CACA00BC2347 /* Release */,
			);
			defaultConfigurationIsVisible = 0;
			defaultConfigurationName = Release;
		};
		D7C349DA1905CACA00BC2347 /* Build configuration list for PBXNativeTarget "DisplayPretty" */ = {
			isa = XCConfigurationList;
			buildConfigurations = (
				D7C349DB1905CACA00BC2347 /* Debug */,
				D7C349DC1905CACA00BC2347 /* Release */,
			);
			defaultConfigurationIsVisible = 0;
			defaultConfigurationName = Release;
		};
		D7C349DD1905CACA00BC2347 /* Build configuration list for PBXNativeTarget "DisplayPrettyTests" */ = {
			isa = XCConfigurationList;
			buildConfigurations = (
				D7C349DE1905CACA00BC2347 /* Debug */,
				D7C349DF1905CACA00BC2347 /* Release */,
			);
			defaultConfigurationIsVisible = 0;
			defaultConfigurationName = Release;
		};
/* End XCConfigurationList section */
	};
	rootObject = D7C349A11905CACA00BC2347 /* Project object */;
}
